
Microsoft Visual Studio Solution File, Format Version 12.00
# Visual Studio 2010
Project("{FAE04EC0-301F-11D3-BF4B-00C04F79EFBC}") = "AmalgamClientTray", "AmalgamClientTray\AmalgamClientTray.csproj", "{3FA50A47-545D-45BD-A7DF-E910651B550E}"
EndProject
Project("{930C7802-8A8C-48F9-8165-68863BCCD9DD}") = "AmalgamClient_Setup", "AmalgamClient_Setup\AmalgamClient_Setup.wixproj", "{D9A143DF-DC18-4CEA-8366-C273E4A8FEE9}"
	ProjectSection(ProjectDependencies) = postProject
		{3FA50A47-545D-45BD-A7DF-E910651B550E} = {3FA50A47-545D-45BD-A7DF-E910651B550E}
		{5F228FCD-54F1-491D-93CE-3D768655FADC} = {5F228FCD-54F1-491D-93CE-3D768655FADC}
	EndProjectSection
EndProject
Project("{2150E333-8FDC-42A3-9474-1A3956D46DE8}") = "ThirdParty", "ThirdParty", "{5B43D7A5-04A1-4DAD-94DD-BDD0ED47D887}"
	ProjectSection(SolutionItems) = preProject
		ThirdParty\NLog.dll = ThirdParty\NLog.dll
		ThirdParty\NLog.xml = ThirdParty\NLog.xml
		ThirdParty\nunit.framework.dll = ThirdParty\nunit.framework.dll
		ThirdParty\nunit.framework.xml = ThirdParty\nunit.framework.xml
	EndProjectSection
EndProject
Project("{2150E333-8FDC-42A3-9474-1A3956D46DE8}") = "Shared", "Shared", "{F90CFF42-ABB3-431A-B6CD-49C60CE30D74}"
	ProjectSection(SolutionItems) = preProject
		..\ThirdParty\Shared\Amalgam.ico = ..\ThirdParty\Shared\Amalgam.ico
		..\ThirdParty\Shared\Banner.bmp = ..\ThirdParty\Shared\Banner.bmp
		..\ThirdParty\Shared\ChangeLog.rtf = ..\ThirdParty\Shared\ChangeLog.rtf
		..\ThirdParty\Shared\Help.ico = ..\ThirdParty\Shared\Help.ico
		..\ThirdParty\Shared\Product.wxs = ..\ThirdParty\Shared\Product.wxs
	EndProjectSection
EndProject
Project("{2150E333-8FDC-42A3-9474-1A3956D46DE8}") = "CBFS", "CBFS", "{2A98A93A-5A7E-4850-B666-3C73686D4F5E}"
EndProject
Project("{2150E333-8FDC-42A3-9474-1A3956D46DE8}") = "x64", "x64", "{EFC37789-8C1A-4AF3-BA51-1F2D091EC6F8}"
	ProjectSection(SolutionItems) = preProject
		ThirdParty\CBFS\x64\CBFS4Net.dll = ThirdParty\CBFS\x64\CBFS4Net.dll
		ThirdParty\CBFS\x64\CBFSNet.dll = ThirdParty\CBFS\x64\CBFSNet.dll
		ThirdParty\CBFS\x64\msvcp100.dll = ThirdParty\CBFS\x64\msvcp100.dll
		ThirdParty\CBFS\x64\msvcr100.dll = ThirdParty\CBFS\x64\msvcr100.dll
	EndProjectSection
EndProject
Project("{2150E333-8FDC-42A3-9474-1A3956D46DE8}") = "32Bit", "32Bit", "{66E7D08D-79AA-4FB1-94E7-A6B86F964D77}"
	ProjectSection(SolutionItems) = preProject
		ThirdParty\CBFS\32bit\CBFS4Net.dll = ThirdParty\CBFS\32bit\CBFS4Net.dll
	EndProjectSection
EndProject
Project("{8BC9CEB8-8B4A-11D0-8D11-00A0C91BC942}") = "CBFSWixCA", "CBFSWixCA\CBFSWixCA.vcxproj", "{2BF998A5-8BED-4975-91C5-7893DD138320}"
EndProject
Project("{FAE04EC0-301F-11D3-BF4B-00C04F79EFBC}") = "AmalgamNUnit", "AmalgamNUnit\AmalgamNUnit.csproj", "{F8FFC348-2A93-41BA-AD78-ABBB80AF5F6A}"
EndProject
Project("{FAE04EC0-301F-11D3-BF4B-00C04F79EFBC}") = "Xceed.Wpf.Toolkit", "ThirdParty\Xceed.Wpf.Toolkit\Xceed.Wpf.Toolkit.csproj", "{72E591D6-8F83-4D8C-8F67-9C325E623234}"
EndProject
Project("{FAE04EC0-301F-11D3-BF4B-00C04F79EFBC}") = "Starksoft_Biko", "ThirdParty\Starksoft_Biko\Starksoft_Biko.csproj", "{5F228FCD-54F1-491D-93CE-3D768655FADC}"
EndProject
Global
	GlobalSection(TeamFoundationVersionControl) = preSolution
		SccNumberOfProjects = 7
		SccEnterpriseProvider = {4CA58AB2-18FA-4F8D-95D4-32DDF27D184C}
		SccTeamFoundationServer = https://tfs.codeplex.com/tfs/tfs08
		SccLocalPath0 = .
		SccProjectUniqueName1 = AmalgamClient_Setup\\AmalgamClient_Setup.wixproj
		SccProjectName1 = AmalgamClient_Setup
		SccLocalPath1 = AmalgamClient_Setup
		SccProjectUniqueName2 = AmalgamClientTray\\AmalgamClientTray.csproj
		SccProjectName2 = AmalgamClientTray
		SccLocalPath2 = AmalgamClientTray
		SccProjectUniqueName3 = CBFSWixCA\\CBFSWixCA.vcxproj
		SccProjectName3 = CBFSWixCA
		SccLocalPath3 = CBFSWixCA
		SccProjectUniqueName4 = AmalgamNUnit\\AmalgamNUnit.csproj
		SccProjectName4 = AmalgamNUnit
		SccLocalPath4 = AmalgamNUnit
		SccProjectUniqueName5 = ThirdParty\\Xceed.Wpf.Toolkit\\Xceed.Wpf.Toolkit.csproj
		SccProjectTopLevelParentUniqueName5 = Amalgam-Phase\u0020III.sln
		SccProjectName5 = ThirdParty/Xceed.Wpf.Toolkit
		SccLocalPath5 = ThirdParty\\Xceed.Wpf.Toolkit
		SccProjectUniqueName6 = ThirdParty\\Starksoft_Biko\\Starksoft_Biko.csproj
		SccProjectTopLevelParentUniqueName6 = Amalgam-Phase\u0020III.sln
		SccProjectName6 = ThirdParty/Starksoft_Biko
		SccLocalPath6 = ThirdParty\\Starksoft_Biko
	EndGlobalSection
	GlobalSection(SolutionConfigurationPlatforms) = preSolution
		Debug|Any CPU = Debug|Any CPU
		Debug|Mixed Platforms = Debug|Mixed Platforms
		Debug|Win32 = Debug|Win32
		Debug|x86 = Debug|x86
		Release|Any CPU = Release|Any CPU
		Release|Mixed Platforms = Release|Mixed Platforms
		Release|Win32 = Release|Win32
		Release|x86 = Release|x86
	EndGlobalSection
	GlobalSection(ProjectConfigurationPlatforms) = postSolution
		{3FA50A47-545D-45BD-A7DF-E910651B550E}.Debug|Any CPU.ActiveCfg = Debug|Any CPU
		{3FA50A47-545D-45BD-A7DF-E910651B550E}.Debug|Any CPU.Build.0 = Debug|Any CPU
		{3FA50A47-545D-45BD-A7DF-E910651B550E}.Debug|Mixed Platforms.ActiveCfg = Debug|x86
		{3FA50A47-545D-45BD-A7DF-E910651B550E}.Debug|Mixed Platforms.Build.0 = Debug|x86
		{3FA50A47-545D-45BD-A7DF-E910651B550E}.Debug|Win32.ActiveCfg = Debug|x86
		{3FA50A47-545D-45BD-A7DF-E910651B550E}.Debug|x86.ActiveCfg = Debug|x86
		{3FA50A47-545D-45BD-A7DF-E910651B550E}.Debug|x86.Build.0 = Debug|x86
		{3FA50A47-545D-45BD-A7DF-E910651B550E}.Release|Any CPU.ActiveCfg = Release|Any CPU
		{3FA50A47-545D-45BD-A7DF-E910651B550E}.Release|Any CPU.Build.0 = Release|Any CPU
		{3FA50A47-545D-45BD-A7DF-E910651B550E}.Release|Mixed Platforms.ActiveCfg = Release|x86
		{3FA50A47-545D-45BD-A7DF-E910651B550E}.Release|Mixed Platforms.Build.0 = Release|x86
		{3FA50A47-545D-45BD-A7DF-E910651B550E}.Release|Win32.ActiveCfg = Release|x86
		{3FA50A47-545D-45BD-A7DF-E910651B550E}.Release|x86.ActiveCfg = Release|x86
		{3FA50A47-545D-45BD-A7DF-E910651B550E}.Release|x86.Build.0 = Release|x86
		{D9A143DF-DC18-4CEA-8366-C273E4A8FEE9}.Debug|Any CPU.ActiveCfg = Debug|x86
		{D9A143DF-DC18-4CEA-8366-C273E4A8FEE9}.Debug|Mixed Platforms.ActiveCfg = Debug|x86
		{D9A143DF-DC18-4CEA-8366-C273E4A8FEE9}.Debug|Mixed Platforms.Build.0 = Debug|x86
		{D9A143DF-DC18-4CEA-8366-C273E4A8FEE9}.Debug|Win32.ActiveCfg = Debug|x86
		{D9A143DF-DC18-4CEA-8366-C273E4A8FEE9}.Debug|x86.ActiveCfg = Debug|x86
		{D9A143DF-DC18-4CEA-8366-C273E4A8FEE9}.Release|Any CPU.ActiveCfg = Release|x86
		{D9A143DF-DC18-4CEA-8366-C273E4A8FEE9}.Release|Any CPU.Build.0 = Release|x86
		{D9A143DF-DC18-4CEA-8366-C273E4A8FEE9}.Release|Mixed Platforms.ActiveCfg = Release|x86
		{D9A143DF-DC18-4CEA-8366-C273E4A8FEE9}.Release|Mixed Platforms.Build.0 = Release|x86
		{D9A143DF-DC18-4CEA-8366-C273E4A8FEE9}.Release|Win32.ActiveCfg = Release|x86
		{D9A143DF-DC18-4CEA-8366-C273E4A8FEE9}.Release|x86.ActiveCfg = Release|x86
		{D9A143DF-DC18-4CEA-8366-C273E4A8FEE9}.Release|x86.Build.0 = Release|x86
		{2BF998A5-8BED-4975-91C5-7893DD138320}.Debug|Any CPU.ActiveCfg = Debug|Win32
		{2BF998A5-8BED-4975-91C5-7893DD138320}.Debug|Mixed Platforms.ActiveCfg = Debug|Win32
		{2BF998A5-8BED-4975-91C5-7893DD138320}.Debug|Mixed Platforms.Build.0 = Debug|Win32
		{2BF998A5-8BED-4975-91C5-7893DD138320}.Debug|Win32.ActiveCfg = Debug|Win32
		{2BF998A5-8BED-4975-91C5-7893DD138320}.Debug|Win32.Build.0 = Debug|Win32
		{2BF998A5-8BED-4975-91C5-7893DD138320}.Debug|x86.ActiveCfg = Debug|Win32
		{2BF998A5-8BED-4975-91C5-7893DD138320}.Release|Any CPU.ActiveCfg = Release|Win32
		{2BF998A5-8BED-4975-91C5-7893DD138320}.Release|Any CPU.Build.0 = Release|Win32
		{2BF998A5-8BED-4975-91C5-7893DD138320}.Release|Mixed Platforms.ActiveCfg = Release|Win32
		{2BF998A5-8BED-4975-91C5-7893DD138320}.Release|Mixed Platforms.Build.0 = Release|Win32
		{2BF998A5-8BED-4975-91C5-7893DD138320}.Release|Win32.ActiveCfg = Release|Win32
		{2BF998A5-8BED-4975-91C5-7893DD138320}.Release|Win32.Build.0 = Release|Win32
		{2BF998A5-8BED-4975-91C5-7893DD138320}.Release|x86.ActiveCfg = Release|Win32
		{2BF998A5-8BED-4975-91C5-7893DD138320}.Release|x86.Build.0 = Release|Win32
		{F8FFC348-2A93-41BA-AD78-ABBB80AF5F6A}.Debug|Any CPU.ActiveCfg = Debug|Any CPU
		{F8FFC348-2A93-41BA-AD78-ABBB80AF5F6A}.Debug|Any CPU.Build.0 = Debug|Any CPU
		{F8FFC348-2A93-41BA-AD78-ABBB80AF5F6A}.Debug|Mixed Platforms.ActiveCfg = Debug|Any CPU
		{F8FFC348-2A93-41BA-AD78-ABBB80AF5F6A}.Debug|Mixed Platforms.Build.0 = Debug|Any CPU
		{F8FFC348-2A93-41BA-AD78-ABBB80AF5F6A}.Debug|Win32.ActiveCfg = Debug|Any CPU
		{F8FFC348-2A93-41BA-AD78-ABBB80AF5F6A}.Debug|x86.ActiveCfg = Debug|Any CPU
		{F8FFC348-2A93-41BA-AD78-ABBB80AF5F6A}.Release|Any CPU.ActiveCfg = Release|Any CPU
		{F8FFC348-2A93-41BA-AD78-ABBB80AF5F6A}.Release|Any CPU.Build.0 = Release|Any CPU
		{F8FFC348-2A93-41BA-AD78-ABBB80AF5F6A}.Release|Mixed Platforms.ActiveCfg = Release|Any CPU
		{F8FFC348-2A93-41BA-AD78-ABBB80AF5F6A}.Release|Mixed Platforms.Build.0 = Release|Any CPU
		{F8FFC348-2A93-41BA-AD78-ABBB80AF5F6A}.Release|Win32.ActiveCfg = Release|Any CPU
		{F8FFC348-2A93-41BA-AD78-ABBB80AF5F6A}.Release|x86.ActiveCfg = Release|Any CPU
		{72E591D6-8F83-4D8C-8F67-9C325E623234}.Debug|Any CPU.ActiveCfg = Debug|Any CPU
		{72E591D6-8F83-4D8C-8F67-9C325E623234}.Debug|Any CPU.Build.0 = Debug|Any CPU
		{72E591D6-8F83-4D8C-8F67-9C325E623234}.Debug|Mixed Platforms.ActiveCfg = Debug|Any CPU
		{72E591D6-8F83-4D8C-8F67-9C325E623234}.Debug|Mixed Platforms.Build.0 = Debug|Any CPU
		{72E591D6-8F83-4D8C-8F67-9C325E623234}.Debug|Win32.ActiveCfg = Debug|Any CPU
		{72E591D6-8F83-4D8C-8F67-9C325E623234}.Debug|x86.ActiveCfg = Debug|Any CPU
		{72E591D6-8F83-4D8C-8F67-9C325E623234}.Release|Any CPU.ActiveCfg = Release|Any CPU
		{72E591D6-8F83-4D8C-8F67-9C325E623234}.Release|Any CPU.Build.0 = Release|Any CPU
		{72E591D6-8F83-4D8C-8F67-9C325E623234}.Release|Mixed Platforms.ActiveCfg = Release|Any CPU
		{72E591D6-8F83-4D8C-8F67-9C325E623234}.Release|Mixed Platforms.Build.0 = Release|Any CPU
		{72E591D6-8F83-4D8C-8F67-9C325E623234}.Release|Win32.ActiveCfg = Release|Any CPU
		{72E591D6-8F83-4D8C-8F67-9C325E623234}.Release|x86.ActiveCfg = Release|Any CPU
		{5F228FCD-54F1-491D-93CE-3D768655FADC}.Debug|Any CPU.ActiveCfg = Debug|Any CPU
		{5F228FCD-54F1-491D-93CE-3D768655FADC}.Debug|Any CPU.Build.0 = Debug|Any CPU
		{5F228FCD-54F1-491D-93CE-3D768655FADC}.Debug|Mixed Platforms.ActiveCfg = Debug|Any CPU
		{5F228FCD-54F1-491D-93CE-3D768655FADC}.Debug|Mixed Platforms.Build.0 = Debug|Any CPU
		{5F228FCD-54F1-491D-93CE-3D768655FADC}.Debug|Win32.ActiveCfg = Debug|Any CPU
		{5F228FCD-54F1-491D-93CE-3D768655FADC}.Debug|x86.ActiveCfg = Debug|Any CPU
		{5F228FCD-54F1-491D-93CE-3D768655FADC}.Release|Any CPU.ActiveCfg = Release|Any CPU
		{5F228FCD-54F1-491D-93CE-3D768655FADC}.Release|Any CPU.Build.0 = Release|Any CPU
		{5F228FCD-54F1-491D-93CE-3D768655FADC}.Release|Mixed Platforms.ActiveCfg = Release|Any CPU
		{5F228FCD-54F1-491D-93CE-3D768655FADC}.Release|Mixed Platforms.Build.0 = Release|Any CPU
		{5F228FCD-54F1-491D-93CE-3D768655FADC}.Release|Win32.ActiveCfg = Release|Any CPU
		{5F228FCD-54F1-491D-93CE-3D768655FADC}.Release|x86.ActiveCfg = Release|Any CPU
	EndGlobalSection
	GlobalSection(SolutionProperties) = preSolution
		HideSolutionNode = FALSE
	EndGlobalSection
	GlobalSection(NestedProjects) = preSolution
		{2A98A93A-5A7E-4850-B666-3C73686D4F5E} = {5B43D7A5-04A1-4DAD-94DD-BDD0ED47D887}
		{72E591D6-8F83-4D8C-8F67-9C325E623234} = {5B43D7A5-04A1-4DAD-94DD-BDD0ED47D887}
		{5F228FCD-54F1-491D-93CE-3D768655FADC} = {5B43D7A5-04A1-4DAD-94DD-BDD0ED47D887}
		{EFC37789-8C1A-4AF3-BA51-1F2D091EC6F8} = {2A98A93A-5A7E-4850-B666-3C73686D4F5E}
		{66E7D08D-79AA-4FB1-94E7-A6B86F964D77} = {2A98A93A-5A7E-4850-B666-3C73686D4F5E}
	EndGlobalSection
EndGlobal
